// !$*UTF8*$!
{
	archiveVersion = 1;
	classes = {
	};
	objectVersion = 55;
	objects = {

/* Begin PBXBuildFile section */
		5BA33DA82800D7DF004F6844 /* Meme.swift in Sources */ = {isa = PBXBuildFile; fileRef = 5BA33DA72800D7DF004F6844 /* Meme.swift */; };
		5BA33DAD28033689004F6844 /* NetworkManager.swift in Sources */ = {isa = PBXBuildFile; fileRef = 5BA33DAC28033689004F6844 /* NetworkManager.swift */; };
		5BB880BF27FF3FCC008A45FE /* AppDelegate.swift in Sources */ = {isa = PBXBuildFile; fileRef = 5BB880BE27FF3FCC008A45FE /* AppDelegate.swift */; };
		5BB880C127FF3FCC008A45FE /* SceneDelegate.swift in Sources */ = {isa = PBXBuildFile; fileRef = 5BB880C027FF3FCC008A45FE /* SceneDelegate.swift */; };
		5BB880C327FF3FCC008A45FE /* MainViewController.swift in Sources */ = {isa = PBXBuildFile; fileRef = 5BB880C227FF3FCC008A45FE /* MainViewController.swift */; };
		5BB880C627FF3FCC008A45FE /* Main.storyboard in Resources */ = {isa = PBXBuildFile; fileRef = 5BB880C427FF3FCC008A45FE /* Main.storyboard */; };
		5BB880C827FF3FCD008A45FE /* Assets.xcassets in Resources */ = {isa = PBXBuildFile; fileRef = 5BB880C727FF3FCD008A45FE /* Assets.xcassets */; };
		5BB880CB27FF3FCD008A45FE /* LaunchScreen.storyboard in Resources */ = {isa = PBXBuildFile; fileRef = 5BB880C927FF3FCD008A45FE /* LaunchScreen.storyboard */; };
		5BB880D8280029C8008A45FE /* Activity.swift in Sources */ = {isa = PBXBuildFile; fileRef = 5BB880D7280029C8008A45FE /* Activity.swift */; };
		5BB880DB28002A3D008A45FE /* Dog.swift in Sources */ = {isa = PBXBuildFile; fileRef = 5BB880DA28002A3D008A45FE /* Dog.swift */; };
		5BB880DD28002BBD008A45FE /* UserActionCell.swift in Sources */ = {isa = PBXBuildFile; fileRef = 5BB880DC28002BBD008A45FE /* UserActionCell.swift */; };
		5BB880E128002D9A008A45FE /* BoredMemesViewController.swift in Sources */ = {isa = PBXBuildFile; fileRef = 5BB880E028002D9A008A45FE /* BoredMemesViewController.swift */; };
/* End PBXBuildFile section */

/* Begin PBXFileReference section */
		5BA33DA72800D7DF004F6844 /* Meme.swift */ = {isa = PBXFileReference; lastKnownFileType = sourcecode.swift; path = Meme.swift; sourceTree = "<group>"; };
		5BA33DAC28033689004F6844 /* NetworkManager.swift */ = {isa = PBXFileReference; lastKnownFileType = sourcecode.swift; path = NetworkManager.swift; sourceTree = "<group>"; };
		5BB880BB27FF3FCC008A45FE /* BoredMemes.app */ = {isa = PBXFileReference; explicitFileType = wrapper.application; includeInIndex = 0; path = BoredMemes.app; sourceTree = BUILT_PRODUCTS_DIR; };
		5BB880BE27FF3FCC008A45FE /* AppDelegate.swift */ = {isa = PBXFileReference; lastKnownFileType = sourcecode.swift; path = AppDelegate.swift; sourceTree = "<group>"; };
		5BB880C027FF3FCC008A45FE /* SceneDelegate.swift */ = {isa = PBXFileReference; lastKnownFileType = sourcecode.swift; path = SceneDelegate.swift; sourceTree = "<group>"; };
		5BB880C227FF3FCC008A45FE /* MainViewController.swift */ = {isa = PBXFileReference; lastKnownFileType = sourcecode.swift; path = MainViewController.swift; sourceTree = "<group>"; };
		5BB880C527FF3FCC008A45FE /* Base */ = {isa = PBXFileReference; lastKnownFileType = file.storyboard; name = Base; path = Base.lproj/Main.storyboard; sourceTree = "<group>"; };
		5BB880C727FF3FCD008A45FE /* Assets.xcassets */ = {isa = PBXFileReference; lastKnownFileType = folder.assetcatalog; path = Assets.xcassets; sourceTree = "<group>"; };
		5BB880CA27FF3FCD008A45FE /* Base */ = {isa = PBXFileReference; lastKnownFileType = file.storyboard; name = Base; path = Base.lproj/LaunchScreen.storyboard; sourceTree = "<group>"; };
		5BB880CC27FF3FCD008A45FE /* Info.plist */ = {isa = PBXFileReference; lastKnownFileType = text.plist.xml; path = Info.plist; sourceTree = "<group>"; };
		5BB880D427FF405B008A45FE /* README.md */ = {isa = PBXFileReference; lastKnownFileType = net.daringfireball.markdown; path = README.md; sourceTree = "<group>"; };
		5BB880D7280029C8008A45FE /* Activity.swift */ = {isa = PBXFileReference; lastKnownFileType = sourcecode.swift; path = Activity.swift; sourceTree = "<group>"; };
		5BB880DA28002A3D008A45FE /* Dog.swift */ = {isa = PBXFileReference; lastKnownFileType = sourcecode.swift; path = Dog.swift; sourceTree = "<group>"; };
		5BB880DC28002BBD008A45FE /* UserActionCell.swift */ = {isa = PBXFileReference; lastKnownFileType = sourcecode.swift; path = UserActionCell.swift; sourceTree = "<group>"; };
		5BB880E028002D9A008A45FE /* BoredMemesViewController.swift */ = {isa = PBXFileReference; lastKnownFileType = sourcecode.swift; path = BoredMemesViewController.swift; sourceTree = "<group>"; };
/* End PBXFileReference section */

/* Begin PBXFrameworksBuildPhase section */
		5BB880B827FF3FCC008A45FE /* Frameworks */ = {
			isa = PBXFrameworksBuildPhase;
			buildActionMask = 2147483647;
			files = (
			);
			runOnlyForDeploymentPostprocessing = 0;
		};
/* End PBXFrameworksBuildPhase section */

/* Begin PBXGroup section */
		5BA33DAB28033677004F6844 /* Networking */ = {
			isa = PBXGroup;
			children = (
				5BA33DAC28033689004F6844 /* NetworkManager.swift */,
			);
			path = Networking;
			sourceTree = "<group>";
		};
		5BB880B227FF3FCC008A45FE = {
			isa = PBXGroup;
			children = (
				5BB880D427FF405B008A45FE /* README.md */,
				5BB880BD27FF3FCC008A45FE /* BoredMemes */,
				5BB880BC27FF3FCC008A45FE /* Products */,
			);
			sourceTree = "<group>";
		};
		5BB880BC27FF3FCC008A45FE /* Products */ = {
			isa = PBXGroup;
			children = (
				5BB880BB27FF3FCC008A45FE /* BoredMemes.app */,
			);
			name = Products;
			sourceTree = "<group>";
		};
		5BB880BD27FF3FCC008A45FE /* BoredMemes */ = {
			isa = PBXGroup;
			children = (
				5BA33DAB28033677004F6844 /* Networking */,
				5BB880D227FF4042008A45FE /* App */,
				5BB880D327FF404A008A45FE /* ViewControllers */,
				5BB880D527FF407A008A45FE /* Storyboards */,
				5BB880D627FF4082008A45FE /* Resourses */,
				5BB880D928002A20008A45FE /* Models */,
				5BB880E228002DEC008A45FE /* Cells */,
			);
			path = BoredMemes;
			sourceTree = "<group>";
		};
		5BB880D227FF4042008A45FE /* App */ = {
			isa = PBXGroup;
			children = (
				5BB880CC27FF3FCD008A45FE /* Info.plist */,
				5BB880BE27FF3FCC008A45FE /* AppDelegate.swift */,
				5BB880C027FF3FCC008A45FE /* SceneDelegate.swift */,
			);
			path = App;
			sourceTree = "<group>";
		};
		5BB880D327FF404A008A45FE /* ViewControllers */ = {
			isa = PBXGroup;
			children = (
				5BB880C227FF3FCC008A45FE /* MainViewController.swift */,
				5BB880E028002D9A008A45FE /* BoredMemesViewController.swift */,
			);
			path = ViewControllers;
			sourceTree = "<group>";
		};
		5BB880D527FF407A008A45FE /* Storyboards */ = {
			isa = PBXGroup;
			children = (
				5BB880C427FF3FCC008A45FE /* Main.storyboard */,
				5BB880C927FF3FCD008A45FE /* LaunchScreen.storyboard */,
			);
			path = Storyboards;
			sourceTree = "<group>";
		};
		5BB880D627FF4082008A45FE /* Resourses */ = {
			isa = PBXGroup;
			children = (
				5BB880C727FF3FCD008A45FE /* Assets.xcassets */,
			);
			path = Resourses;
			sourceTree = "<group>";
		};
		5BB880D928002A20008A45FE /* Models */ = {
			isa = PBXGroup;
			children = (
				5BB880D7280029C8008A45FE /* Activity.swift */,
				5BB880DA28002A3D008A45FE /* Dog.swift */,
				5BA33DA72800D7DF004F6844 /* Meme.swift */,
			);
			path = Models;
			sourceTree = "<group>";
		};
		5BB880E228002DEC008A45FE /* Cells */ = {
			isa = PBXGroup;
			children = (
				5BB880DC28002BBD008A45FE /* UserActionCell.swift */,
			);
			path = Cells;
			sourceTree = "<group>";
		};
/* End PBXGroup section */

/* Begin PBXNativeTarget section */
		5BB880BA27FF3FCC008A45FE /* BoredMemes */ = {
			isa = PBXNativeTarget;
			buildConfigurationList = 5BB880CF27FF3FCD008A45FE /* Build configuration list for PBXNativeTarget "BoredMemes" */;
			buildPhases = (
				5BB880B727FF3FCC008A45FE /* Sources */,
				5BB880B827FF3FCC008A45FE /* Frameworks */,
				5BB880B927FF3FCC008A45FE /* Resources */,
			);
			buildRules = (
			);
			dependencies = (
			);
			name = BoredMemes;
			productName = BoredDogs;
			productReference = 5BB880BB27FF3FCC008A45FE /* BoredMemes.app */;
			productType = "com.apple.product-type.application";
		};
/* End PBXNativeTarget section */

/* Begin PBXProject section */
		5BB880B327FF3FCC008A45FE /* Project object */ = {
			isa = PBXProject;
			attributes = {
				BuildIndependentTargetsInParallel = 1;
				LastSwiftUpdateCheck = 1330;
				LastUpgradeCheck = 1330;
				TargetAttributes = {
					5BB880BA27FF3FCC008A45FE = {
						CreatedOnToolsVersion = 13.3;
					};
				};
			};
			buildConfigurationList = 5BB880B627FF3FCC008A45FE /* Build configuration list for PBXProject "BoredMemes" */;
			compatibilityVersion = "Xcode 13.0";
			developmentRegion = en;
			hasScannedForEncodings = 0;
			knownRegions = (
				en,
				Base,
			);
			mainGroup = 5BB880B227FF3FCC008A45FE;
			productRefGroup = 5BB880BC27FF3FCC008A45FE /* Products */;
			projectDirPath = "";
			projectRoot = "";
			targets = (
				5BB880BA27FF3FCC008A45FE /* BoredMemes */,
			);
		};
/* End PBXProject section */

/* Begin PBXResourcesBuildPhase section */
		5BB880B927FF3FCC008A45FE /* Resources */ = {
			isa = PBXResourcesBuildPhase;
			buildActionMask = 2147483647;
			files = (
				5BB880CB27FF3FCD008A45FE /* LaunchScreen.storyboard in Resources */,
				5BB880C827FF3FCD008A45FE /* Assets.xcassets in Resources */,
				5BB880C627FF3FCC008A45FE /* Main.storyboard in Resources */,
			);
			runOnlyForDeploymentPostprocessing = 0;
		};
/* End PBXResourcesBuildPhase section */

/* Begin PBXSourcesBuildPhase section */
		5BB880B727FF3FCC008A45FE /* Sources */ = {
			isa = PBXSourcesBuildPhase;
			buildActionMask = 2147483647;
			files = (
				5BA33DAD28033689004F6844 /* NetworkManager.swift in Sources */,
				5BB880E128002D9A008A45FE /* BoredMemesViewController.swift in Sources */,
				5BB880C327FF3FCC008A45FE /* MainViewController.swift in Sources */,
				5BB880BF27FF3FCC008A45FE /* AppDelegate.swift in Sources */,
				5BB880DD28002BBD008A45FE /* UserActionCell.swift in Sources */,
				5BB880D8280029C8008A45FE /* Activity.swift in Sources */,
				5BB880DB28002A3D008A45FE /* Dog.swift in Sources */,
				5BB880C127FF3FCC008A45FE /* SceneDelegate.swift in Sources */,
				5BA33DA82800D7DF004F6844 /* Meme.swift in Sources */,
			);
			runOnlyForDeploymentPostprocessing = 0;
		};
/* End PBXSourcesBuildPhase section */

/* Begin PBXVariantGroup section */
		5BB880C427FF3FCC008A45FE /* Main.storyboard */ = {
			isa = PBXVariantGroup;
			children = (
				5BB880C527FF3FCC008A45FE /* Base */,
			);
			name = Main.storyboard;
			sourceTree = "<group>";
		};
		5BB880C927FF3FCD008A45FE /* LaunchScreen.storyboard */ = {
			isa = PBXVariantGroup;
			children = (
				5BB880CA27FF3FCD008A45FE /* Base */,
			);
			name = LaunchScreen.storyboard;
			sourceTree = "<group>";
		};
/* End PBXVariantGroup section */

/* Begin XCBuildConfiguration section */
		5BB880CD27FF3FCD008A45FE /* Debug */ = {
			isa = XCBuildConfiguration;
			buildSettings = {
				ALWAYS_SEARCH_USER_PATHS = NO;
				CLANG_ANALYZER_NONNULL = YES;
				CLANG_ANALYZER_NUMBER_OBJECT_CONVERSION = YES_AGGRESSIVE;
				CLANG_CXX_LANGUAGE_STANDARD = "gnu++17";
				CLANG_ENABLE_MODULES = YES;
				CLANG_ENABLE_OBJC_ARC = YES;
				CLANG_ENABLE_OBJC_WEAK = YES;
				CLANG_WARN_BLOCK_CAPTURE_AUTORELEASING = YES;
				CLANG_WARN_BOOL_CONVERSION = YES;
				CLANG_WARN_COMMA = YES;
				CLANG_WARN_CONSTANT_CONVERSION = YES;
				CLANG_WARN_DEPRECATED_OBJC_IMPLEMENTATIONS = YES;
				CLANG_WARN_DIRECT_OBJC_ISA_USAGE = YES_ERROR;
				CLANG_WARN_DOCUMENTATION_COMMENTS = YES;
				CLANG_WARN_EMPTY_BODY = YES;
				CLANG_WARN_ENUM_CONVERSION = YES;
				CLANG_WARN_INFINITE_RECURSION = YES;
				CLANG_WARN_INT_CONVERSION = YES;
				CLANG_WARN_NON_LITERAL_NULL_CONVERSION = YES;
				CLANG_WARN_OBJC_IMPLICIT_RETAIN_SELF = YES;
				CLANG_WARN_OBJC_LITERAL_CONVERSION = YES;
				CLANG_WARN_OBJC_ROOT_CLASS = YES_ERROR;
				CLANG_WARN_QUOTED_INCLUDE_IN_FRAMEWORK_HEADER = YES;
				CLANG_WARN_RANGE_LOOP_ANALYSIS = YES;
				CLANG_WARN_STRICT_PROTOTYPES = YES;
				CLANG_WARN_SUSPICIOUS_MOVE = YES;
				CLANG_WARN_UNGUARDED_AVAILABILITY = YES_AGGRESSIVE;
				CLANG_WARN_UNREACHABLE_CODE = YES;
				CLANG_WARN__DUPLICATE_METHOD_MATCH = YES;
				COPY_PHASE_STRIP = NO;
				DEBUG_INFORMATION_FORMAT = dwarf;
				ENABLE_STRICT_OBJC_MSGSEND = YES;
				ENABLE_TESTABILITY = YES;
				GCC_C_LANGUAGE_STANDARD = gnu11;
				GCC_DYNAMIC_NO_PIC = NO;
				GCC_NO_COMMON_BLOCKS = YES;
				GCC_OPTIMIZATION_LEVEL = 0;
				GCC_PREPROCESSOR_DEFINITIONS = (
					"DEBUG=1",
					"$(inherited)",
				);
				GCC_WARN_64_TO_32_BIT_CONVERSION = YES;
				GCC_WARN_ABOUT_RETURN_TYPE = YES_ERROR;
				GCC_WARN_UNDECLARED_SELECTOR = YES;
				GCC_WARN_UNINITIALIZED_AUTOS = YES_AGGRESSIVE;
				GCC_WARN_UNUSED_FUNCTION = YES;
				GCC_WARN_UNUSED_VARIABLE = YES;
				IPHONEOS_DEPLOYMENT_TARGET = 15.4;
				MTL_ENABLE_DEBUG_INFO = INCLUDE_SOURCE;
				MTL_FAST_MATH = YES;
				ONLY_ACTIVE_ARCH = YES;
				SDKROOT = iphoneos;
				SWIFT_ACTIVE_COMPILATION_CONDITIONS = DEBUG;
				SWIFT_OPTIMIZATION_LEVEL = "-Onone";
			};
			name = Debug;
		};
		5BB880CE27FF3FCD008A45FE /* Release */ = {
			isa = XCBuildConfiguration;
			buildSettings = {
				ALWAYS_SEARCH_USER_PATHS = NO;
				CLANG_ANALYZER_NONNULL = YES;
				CLANG_ANALYZER_NUMBER_OBJECT_CONVERSION = YES_AGGRESSIVE;
				CLANG_CXX_LANGUAGE_STANDARD = "gnu++17";
				CLANG_ENABLE_MODULES = YES;
				CLANG_ENABLE_OBJC_ARC = YES;
				CLANG_ENABLE_OBJC_WEAK = YES;
				CLANG_WARN_BLOCK_CAPTURE_AUTORELEASING = YES;
				CLANG_WARN_BOOL_CONVERSION = YES;
				CLANG_WARN_COMMA = YES;
				CLANG_WARN_CONSTANT_CONVERSION = YES;
				CLANG_WARN_DEPRECATED_OBJC_IMPLEMENTATIONS = YES;
				CLANG_WARN_DIRECT_OBJC_ISA_USAGE = YES_ERROR;
				CLANG_WARN_DOCUMENTATION_COMMENTS = YES;
				CLANG_WARN_EMPTY_BODY = YES;
				CLANG_WARN_ENUM_CONVERSION = YES;
				CLANG_WARN_INFINITE_RECURSION = YES;
				CLANG_WARN_INT_CONVERSION = YES;
				CLANG_WARN_NON_LITERAL_NULL_CONVERSION = YES;
				CLANG_WARN_OBJC_IMPLICIT_RETAIN_SELF = YES;
				CLANG_WARN_OBJC_LITERAL_CONVERSION = YES;
				CLANG_WARN_OBJC_ROOT_CLASS = YES_ERROR;
				CLANG_WARN_QUOTED_INCLUDE_IN_FRAMEWORK_HEADER = YES;
				CLANG_WARN_RANGE_LOOP_ANALYSIS = YES;
				CLANG_WARN_STRICT_PROTOTYPES = YES;
				CLANG_WARN_SUSPICIOUS_MOVE = YES;
				CLANG_WARN_UNGUARDED_AVAILABILITY = YES_AGGRESSIVE;
				CLANG_WARN_UNREACHABLE_CODE = YES;
				CLANG_WARN__DUPLICATE_METHOD_MATCH = YES;
				COPY_PHASE_STRIP = NO;
				DEBUG_INFORMATION_FORMAT = "dwarf-with-dsym";
				ENABLE_NS_ASSERTIONS = NO;
				ENABLE_STRICT_OBJC_MSGSEND = YES;
				GCC_C_LANGUAGE_STANDARD = gnu11;
				GCC_NO_COMMON_BLOCKS = YES;
				GCC_WARN_64_TO_32_BIT_CONVERSION = YES;
				GCC_WARN_ABOUT_RETURN_TYPE = YES_ERROR;
				GCC_WARN_UNDECLARED_SELECTOR = YES;
				GCC_WARN_UNINITIALIZED_AUTOS = YES_AGGRESSIVE;
				GCC_WARN_UNUSED_FUNCTION = YES;
				GCC_WARN_UNUSED_VARIABLE = YES;
				IPHONEOS_DEPLOYMENT_TARGET = 15.4;
				MTL_ENABLE_DEBUG_INFO = NO;
				MTL_FAST_MATH = YES;
				SDKROOT = iphoneos;
				SWIFT_COMPILATION_MODE = wholemodule;
				SWIFT_OPTIMIZATION_LEVEL = "-O";
				VALIDATE_PRODUCT = YES;
			};
			name = Release;
		};
		5BB880D027FF3FCD008A45FE /* Debug */ = {
			isa = XCBuildConfiguration;
			buildSettings = {
				ASSETCATALOG_COMPILER_APPICON_NAME = AppIcon;
				ASSETCATALOG_COMPILER_GLOBAL_ACCENT_COLOR_NAME = AccentColor;
				CODE_SIGN_STYLE = Automatic;
				CURRENT_PROJECT_VERSION = 1;
				GENERATE_INFOPLIST_FILE = YES;
				INFOPLIST_FILE = BoredMemes/App/Info.plist;
				INFOPLIST_KEY_UIApplicationSupportsIndirectInputEvents = YES;
				INFOPLIST_KEY_UILaunchStoryboardName = LaunchScreen;
				INFOPLIST_KEY_UIMainStoryboardFile = Main;
				INFOPLIST_KEY_UISupportedInterfaceOrientations_iPad = "UIInterfaceOrientationPortrait UIInterfaceOrientationPortraitUpsideDown UIInterfaceOrientationLandscapeLeft UIInterfaceOrientationLandscapeRight";
				INFOPLIST_KEY_UISupportedInterfaceOrientations_iPhone = "UIInterfaceOrientationPortrait UIInterfaceOrientationLandscapeLeft UIInterfaceOrientationLandscapeRight";
				LD_RUNPATH_SEARCH_PATHS = (
					"$(inherited)",
					"@executable_path/Frameworks",
				);
				MARKETING_VERSION = 1.0;
				PRODUCT_BUNDLE_IDENTIFIER = ru.rhiskey.BoredMemes;
				PRODUCT_NAME = "$(TARGET_NAME)";
				SWIFT_EMIT_LOC_STRINGS = YES;
				SWIFT_VERSION = 5.0;
				TARGETED_DEVICE_FAMILY = 1;
			};
			name = Debug;
		};
		5BB880D127FF3FCD008A45FE /* Release */ = {
			isa = XCBuildConfiguration;
			buildSettings = {
				ASSETCATALOG_COMPILER_APPICON_NAME = AppIcon;
				ASSETCATALOG_COMPILER_GLOBAL_ACCENT_COLOR_NAME = AccentColor;
				CODE_SIGN_STYLE = Automatic;
				CURRENT_PROJECT_VERSION = 1;
				GENERATE_INFOPLIST_FILE = YES;
				INFOPLIST_FILE = BoredMemes/App/Info.plist;
				INFOPLIST_KEY_UIApplicationSupportsIndirectInputEvents = YES;
				INFOPLIST_KEY_UILaunchStoryboardName = LaunchScreen;
				INFOPLIST_KEY_UIMainStoryboardFile = Main;
				INFOPLIST_KEY_UISupportedInterfaceOrientations_iPad = "UIInterfaceOrientationPortrait UIInterfaceOrientationPortraitUpsideDown UIInterfaceOrientationLandscapeLeft UIInterfaceOrientationLandscapeRight";
				INFOPLIST_KEY_UISupportedInterfaceOrientations_iPhone = "UIInterfaceOrientationPortrait UIInterfaceOrientationLandscapeLeft UIInterfaceOrientationLandscapeRight";
				LD_RUNPATH_SEARCH_PATHS = (
					"$(inherited)",
					"@executable_path/Frameworks",
				);
				MARKETING_VERSION = 1.0;
				PRODUCT_BUNDLE_IDENTIFIER = ru.rhiskey.BoredMemes;
				PRODUCT_NAME = "$(TARGET_NAME)";
				SWIFT_EMIT_LOC_STRINGS = YES;
				SWIFT_VERSION = 5.0;
				TARGETED_DEVICE_FAMILY = 1;
			};
			name = Release;
		};
/* End XCBuildConfiguration section */

/* Begin XCConfigurationList section */
		5BB880B627FF3FCC008A45FE /* Build configuration list for PBXProject "BoredMemes" */ = {
			isa = XCConfigurationList;
			buildConfigurations = (
				5BB880CD27FF3FCD008A45FE /* Debug */,
				5BB880CE27FF3FCD008A45FE /* Release */,
			);
			defaultConfigurationIsVisible = 0;
			defaultConfigurationName = Release;
		};
		5BB880CF27FF3FCD008A45FE /* Build configuration list for PBXNativeTarget "BoredMemes" */ = {
			isa = XCConfigurationList;
			buildConfigurations = (
				5BB880D027FF3FCD008A45FE /* Debug */,
				5BB880D127FF3FCD008A45FE /* Release */,
			);
			defaultConfigurationIsVisible = 0;
			defaultConfigurationName = Release;
		};
/* End XCConfigurationList section */
	};
	rootObject = 5BB880B327FF3FCC008A45FE /* Project object */;
}
